PODS:
  - Nimble (8.1.2)
  - Quick (3.0.0)
  - SwiftDatabase (1.0.3)
  - SwiftDatabase/Tests (1.0.3):
    - Nimble (= 8.1.2)
    - Quick (= 3.0.0)

DEPENDENCIES:
  - SwiftDatabase (from `../`)
  - SwiftDatabase/Tests (from `../`)

SPEC REPOS:
  trunk:
    - Nimble
    - Quick

EXTERNAL SOURCES:
  SwiftDatabase:
    :path: "../"

SPEC CHECKSUMS:
  Nimble: 3864815b4703c7ebffba875973c70e854489fbae
  Quick: 6d9559f40647bc4d510103842ef2fdd882d753e2
  SwiftDatabase: 1e375b7dfd0d65de7869171bead3b20af90d79e5

PODFILE CHECKSUM: 14808dd254da05a555d5d7fd9c95b0155068e95e

COCOAPODS: 1.10.1
